// !$*UTF8*$!
{
	archiveVersion = 1;
	classes = {
	};
	objectVersion = 56;
	objects = {

/* Begin PBXBuildFile section */
		6C198D3D2A2BAE6900BCE015 /* BitcoinViewModel.swift in Sources */ = {isa = PBXBuildFile; fileRef = 6C198D3C2A2BAE6900BCE015 /* BitcoinViewModel.swift */; };
		6C198D402A2BB02E00BCE015 /* APIClient.swift in Sources */ = {isa = PBXBuildFile; fileRef = 6C198D3F2A2BB02E00BCE015 /* APIClient.swift */; };
		6C198D422A2BB1DD00BCE015 /* BitcoinModel.swift in Sources */ = {isa = PBXBuildFile; fileRef = 6C198D412A2BB1DD00BCE015 /* BitcoinModel.swift */; };
		6CDD83A92A2B9DE200EA7024 /* AppDelegate.swift in Sources */ = {isa = PBXBuildFile; fileRef = 6CDD83A82A2B9DE200EA7024 /* AppDelegate.swift */; };
		6CDD83AB2A2B9DE200EA7024 /* SceneDelegate.swift in Sources */ = {isa = PBXBuildFile; fileRef = 6CDD83AA2A2B9DE200EA7024 /* SceneDelegate.swift */; };
		6CDD83AD2A2B9DE200EA7024 /* BitcoinPriceViewController.swift in Sources */ = {isa = PBXBuildFile; fileRef = 6CDD83AC2A2B9DE200EA7024 /* BitcoinPriceViewController.swift */; };
		6CDD83B02A2B9DE200EA7024 /* Main.storyboard in Resources */ = {isa = PBXBuildFile; fileRef = 6CDD83AE2A2B9DE200EA7024 /* Main.storyboard */; };
		6CDD83B22A2B9DE400EA7024 /* Assets.xcassets in Resources */ = {isa = PBXBuildFile; fileRef = 6CDD83B12A2B9DE400EA7024 /* Assets.xcassets */; };
		6CDD83B52A2B9DE400EA7024 /* LaunchScreen.storyboard in Resources */ = {isa = PBXBuildFile; fileRef = 6CDD83B32A2B9DE400EA7024 /* LaunchScreen.storyboard */; };
/* End PBXBuildFile section */

/* Begin PBXFileReference section */
		6C198D3C2A2BAE6900BCE015 /* BitcoinViewModel.swift */ = {isa = PBXFileReference; lastKnownFileType = sourcecode.swift; path = BitcoinViewModel.swift; sourceTree = "<group>"; };
		6C198D3F2A2BB02E00BCE015 /* APIClient.swift */ = {isa = PBXFileReference; lastKnownFileType = sourcecode.swift; path = APIClient.swift; sourceTree = "<group>"; };
		6C198D412A2BB1DD00BCE015 /* BitcoinModel.swift */ = {isa = PBXFileReference; lastKnownFileType = sourcecode.swift; path = BitcoinModel.swift; sourceTree = "<group>"; };
		6CDD83A52A2B9DE200EA7024 /* BitcoinPriceMVVM.app */ = {isa = PBXFileReference; explicitFileType = wrapper.application; includeInIndex = 0; path = BitcoinPriceMVVM.app; sourceTree = BUILT_PRODUCTS_DIR; };
		6CDD83A82A2B9DE200EA7024 /* AppDelegate.swift */ = {isa = PBXFileReference; lastKnownFileType = sourcecode.swift; path = AppDelegate.swift; sourceTree = "<group>"; };
		6CDD83AA2A2B9DE200EA7024 /* SceneDelegate.swift */ = {isa = PBXFileReference; lastKnownFileType = sourcecode.swift; path = SceneDelegate.swift; sourceTree = "<group>"; };
		6CDD83AC2A2B9DE200EA7024 /* BitcoinPriceViewController.swift */ = {isa = PBXFileReference; lastKnownFileType = sourcecode.swift; path = BitcoinPriceViewController.swift; sourceTree = "<group>"; };
		6CDD83AF2A2B9DE200EA7024 /* Base */ = {isa = PBXFileReference; lastKnownFileType = file.storyboard; name = Base; path = Base.lproj/Main.storyboard; sourceTree = "<group>"; };
		6CDD83B12A2B9DE400EA7024 /* Assets.xcassets */ = {isa = PBXFileReference; lastKnownFileType = folder.assetcatalog; path = Assets.xcassets; sourceTree = "<group>"; };
		6CDD83B42A2B9DE400EA7024 /* Base */ = {isa = PBXFileReference; lastKnownFileType = file.storyboard; name = Base; path = Base.lproj/LaunchScreen.storyboard; sourceTree = "<group>"; };
		6CDD83B62A2B9DE400EA7024 /* Info.plist */ = {isa = PBXFileReference; lastKnownFileType = text.plist.xml; path = Info.plist; sourceTree = "<group>"; };
/* End PBXFileReference section */

/* Begin PBXFrameworksBuildPhase section */
		6CDD83A22A2B9DE200EA7024 /* Frameworks */ = {
			isa = PBXFrameworksBuildPhase;
			buildActionMask = 2147483647;
			files = (
			);
			runOnlyForDeploymentPostprocessing = 0;
		};
/* End PBXFrameworksBuildPhase section */

/* Begin PBXGroup section */
		6CDD839C2A2B9DE200EA7024 = {
			isa = PBXGroup;
			children = (
				6CDD83A72A2B9DE200EA7024 /* BitcoinPriceMVVM */,
				6CDD83A62A2B9DE200EA7024 /* Products */,
			);
			sourceTree = "<group>";
		};
		6CDD83A62A2B9DE200EA7024 /* Products */ = {
			isa = PBXGroup;
			children = (
				6CDD83A52A2B9DE200EA7024 /* BitcoinPriceMVVM.app */,
			);
			name = Products;
			sourceTree = "<group>";
		};
		6CDD83A72A2B9DE200EA7024 /* BitcoinPriceMVVM */ = {
			isa = PBXGroup;
			children = (
				6CDD83A82A2B9DE200EA7024 /* AppDelegate.swift */,
				6CDD83AA2A2B9DE200EA7024 /* SceneDelegate.swift */,
				6CDD83AC2A2B9DE200EA7024 /* BitcoinPriceViewController.swift */,
				6CDD83AE2A2B9DE200EA7024 /* Main.storyboard */,
				6CDD83B12A2B9DE400EA7024 /* Assets.xcassets */,
				6CDD83B32A2B9DE400EA7024 /* LaunchScreen.storyboard */,
				6CDD83B62A2B9DE400EA7024 /* Info.plist */,
				6C198D3C2A2BAE6900BCE015 /* BitcoinViewModel.swift */,
				6C198D3F2A2BB02E00BCE015 /* APIClient.swift */,
				6C198D412A2BB1DD00BCE015 /* BitcoinModel.swift */,
			);
			path = BitcoinPriceMVVM;
			sourceTree = "<group>";
		};
/* End PBXGroup section */

/* Begin PBXNativeTarget section */
		6CDD83A42A2B9DE200EA7024 /* BitcoinPriceMVVM */ = {
			isa = PBXNativeTarget;
			buildConfigurationList = 6CDD83B92A2B9DE400EA7024 /* Build configuration list for PBXNativeTarget "BitcoinPriceMVVM" */;
			buildPhases = (
				6CDD83A12A2B9DE200EA7024 /* Sources */,
				6CDD83A22A2B9DE200EA7024 /* Frameworks */,
				6CDD83A32A2B9DE200EA7024 /* Resources */,
			);
			buildRules = (
			);
			dependencies = (
			);
			name = BitcoinPriceMVVM;
			productName = BitcoinPriceMVVM;
			productReference = 6CDD83A52A2B9DE200EA7024 /* BitcoinPriceMVVM.app */;
			productType = "com.apple.product-type.application";
		};
/* End PBXNativeTarget section */

/* Begin PBXProject section */
		6CDD839D2A2B9DE200EA7024 /* Project object */ = {
			isa = PBXProject;
			attributes = {
				BuildIndependentTargetsInParallel = 1;
				LastSwiftUpdateCheck = 1430;
				LastUpgradeCheck = 1430;
				TargetAttributes = {
					6CDD83A42A2B9DE200EA7024 = {
						CreatedOnToolsVersion = 14.3.1;
					};
				};
			};
			buildConfigurationList = 6CDD83A02A2B9DE200EA7024 /* Build configuration list for PBXProject "BitcoinPriceMVVM" */;
			compatibilityVersion = "Xcode 14.0";
			developmentRegion = en;
			hasScannedForEncodings = 0;
			knownRegions = (
				en,
				Base,
			);
			mainGroup = 6CDD839C2A2B9DE200EA7024;
			productRefGroup = 6CDD83A62A2B9DE200EA7024 /* Products */;
			projectDirPath = "";
			projectRoot = "";
			targets = (
				6CDD83A42A2B9DE200EA7024 /* BitcoinPriceMVVM */,
			);
		};
/* End PBXProject section */

/* Begin PBXResourcesBuildPhase section */
		6CDD83A32A2B9DE200EA7024 /* Resources */ = {
			isa = PBXResourcesBuildPhase;
			buildActionMask = 2147483647;
			files = (
				6CDD83B52A2B9DE400EA7024 /* LaunchScreen.storyboard in Resources */,
				6CDD83B22A2B9DE400EA7024 /* Assets.xcassets in Resources */,
				6CDD83B02A2B9DE200EA7024 /* Main.storyboard in Resources */,
			);
			runOnlyForDeploymentPostprocessing = 0;
		};
/* End PBXResourcesBuildPhase section */

/* Begin PBXSourcesBuildPhase section */
		6CDD83A12A2B9DE200EA7024 /* Sources */ = {
			isa = PBXSourcesBuildPhase;
			buildActionMask = 2147483647;
			files = (
				6C198D422A2BB1DD00BCE015 /* BitcoinModel.swift in Sources */,
				6CDD83AD2A2B9DE200EA7024 /* BitcoinPriceViewController.swift in Sources */,
				6C198D3D2A2BAE6900BCE015 /* BitcoinViewModel.swift in Sources */,
				6CDD83A92A2B9DE200EA7024 /* AppDelegate.swift in Sources */,
				6C198D402A2BB02E00BCE015 /* APIClient.swift in Sources */,
				6CDD83AB2A2B9DE200EA7024 /* SceneDelegate.swift in Sources */,
			);
			runOnlyForDeploymentPostprocessing = 0;
		};
/* End PBXSourcesBuildPhase section */

/* Begin PBXVariantGroup section */
		6CDD83AE2A2B9DE200EA7024 /* Main.storyboard */ = {
			isa = PBXVariantGroup;
			children = (
				6CDD83AF2A2B9DE200EA7024 /* Base */,
			);
			name = Main.storyboard;
			sourceTree = "<group>";
		};
		6CDD83B32A2B9DE400EA7024 /* LaunchScreen.storyboard */ = {
			isa = PBXVariantGroup;
			children = (
				6CDD83B42A2B9DE400EA7024 /* Base */,
			);
			name = LaunchScreen.storyboard;
			sourceTree = "<group>";
		};
/* End PBXVariantGroup section */

/* Begin XCBuildConfiguration section */
		6CDD83B72A2B9DE400EA7024 /* Debug */ = {
			isa = XCBuildConfiguration;
			buildSettings = {
				ALWAYS_SEARCH_USER_PATHS = NO;
				CLANG_ANALYZER_NONNULL = YES;
				CLANG_ANALYZER_NUMBER_OBJECT_CONVERSION = YES_AGGRESSIVE;
				CLANG_CXX_LANGUAGE_STANDARD = "gnu++20";
				CLANG_ENABLE_MODULES = YES;
				CLANG_ENABLE_OBJC_ARC = YES;
				CLANG_ENABLE_OBJC_WEAK = YES;
				CLANG_WARN_BLOCK_CAPTURE_AUTORELEASING = YES;
				CLANG_WARN_BOOL_CONVERSION = YES;
				CLANG_WARN_COMMA = YES;
				CLANG_WARN_CONSTANT_CONVERSION = YES;
				CLANG_WARN_DEPRECATED_OBJC_IMPLEMENTATIONS = YES;
				CLANG_WARN_DIRECT_OBJC_ISA_USAGE = YES_ERROR;
				CLANG_WARN_DOCUMENTATION_COMMENTS = YES;
				CLANG_WARN_EMPTY_BODY = YES;
				CLANG_WARN_ENUM_CONVERSION = YES;
				CLANG_WARN_INFINITE_RECURSION = YES;
				CLANG_WARN_INT_CONVERSION = YES;
				CLANG_WARN_NON_LITERAL_NULL_CONVERSION = YES;
				CLANG_WARN_OBJC_IMPLICIT_RETAIN_SELF = YES;
				CLANG_WARN_OBJC_LITERAL_CONVERSION = YES;
				CLANG_WARN_OBJC_ROOT_CLASS = YES_ERROR;
				CLANG_WARN_QUOTED_INCLUDE_IN_FRAMEWORK_HEADER = YES;
				CLANG_WARN_RANGE_LOOP_ANALYSIS = YES;
				CLANG_WARN_STRICT_PROTOTYPES = YES;
				CLANG_WARN_SUSPICIOUS_MOVE = YES;
				CLANG_WARN_UNGUARDED_AVAILABILITY = YES_AGGRESSIVE;
				CLANG_WARN_UNREACHABLE_CODE = YES;
				CLANG_WARN__DUPLICATE_METHOD_MATCH = YES;
				COPY_PHASE_STRIP = NO;
				DEBUG_INFORMATION_FORMAT = dwarf;
				ENABLE_STRICT_OBJC_MSGSEND = YES;
				ENABLE_TESTABILITY = YES;
				GCC_C_LANGUAGE_STANDARD = gnu11;
				GCC_DYNAMIC_NO_PIC = NO;
				GCC_NO_COMMON_BLOCKS = YES;
				GCC_OPTIMIZATION_LEVEL = 0;
				GCC_PREPROCESSOR_DEFINITIONS = (
					"DEBUG=1",
					"$(inherited)",
				);
				GCC_WARN_64_TO_32_BIT_CONVERSION = YES;
				GCC_WARN_ABOUT_RETURN_TYPE = YES_ERROR;
				GCC_WARN_UNDECLARED_SELECTOR = YES;
				GCC_WARN_UNINITIALIZED_AUTOS = YES_AGGRESSIVE;
				GCC_WARN_UNUSED_FUNCTION = YES;
				GCC_WARN_UNUSED_VARIABLE = YES;
				IPHONEOS_DEPLOYMENT_TARGET = 16.4;
				MTL_ENABLE_DEBUG_INFO = INCLUDE_SOURCE;
				MTL_FAST_MATH = YES;
				ONLY_ACTIVE_ARCH = YES;
				SDKROOT = iphoneos;
				SWIFT_ACTIVE_COMPILATION_CONDITIONS = DEBUG;
				SWIFT_OPTIMIZATION_LEVEL = "-Onone";
			};
			name = Debug;
		};
		6CDD83B82A2B9DE400EA7024 /* Release */ = {
			isa = XCBuildConfiguration;
			buildSettings = {
				ALWAYS_SEARCH_USER_PATHS = NO;
				CLANG_ANALYZER_NONNULL = YES;
				CLANG_ANALYZER_NUMBER_OBJECT_CONVERSION = YES_AGGRESSIVE;
				CLANG_CXX_LANGUAGE_STANDARD = "gnu++20";
				CLANG_ENABLE_MODULES = YES;
				CLANG_ENABLE_OBJC_ARC = YES;
				CLANG_ENABLE_OBJC_WEAK = YES;
				CLANG_WARN_BLOCK_CAPTURE_AUTORELEASING = YES;
				CLANG_WARN_BOOL_CONVERSION = YES;
				CLANG_WARN_COMMA = YES;
				CLANG_WARN_CONSTANT_CONVERSION = YES;
				CLANG_WARN_DEPRECATED_OBJC_IMPLEMENTATIONS = YES;
				CLANG_WARN_DIRECT_OBJC_ISA_USAGE = YES_ERROR;
				CLANG_WARN_DOCUMENTATION_COMMENTS = YES;
				CLANG_WARN_EMPTY_BODY = YES;
				CLANG_WARN_ENUM_CONVERSION = YES;
				CLANG_WARN_INFINITE_RECURSION = YES;
				CLANG_WARN_INT_CONVERSION = YES;
				CLANG_WARN_NON_LITERAL_NULL_CONVERSION = YES;
				CLANG_WARN_OBJC_IMPLICIT_RETAIN_SELF = YES;
				CLANG_WARN_OBJC_LITERAL_CONVERSION = YES;
				CLANG_WARN_OBJC_ROOT_CLASS = YES_ERROR;
				CLANG_WARN_QUOTED_INCLUDE_IN_FRAMEWORK_HEADER = YES;
				CLANG_WARN_RANGE_LOOP_ANALYSIS = YES;
				CLANG_WARN_STRICT_PROTOTYPES = YES;
				CLANG_WARN_SUSPICIOUS_MOVE = YES;
				CLANG_WARN_UNGUARDED_AVAILABILITY = YES_AGGRESSIVE;
				CLANG_WARN_UNREACHABLE_CODE = YES;
				CLANG_WARN__DUPLICATE_METHOD_MATCH = YES;
				COPY_PHASE_STRIP = NO;
				DEBUG_INFORMATION_FORMAT = "dwarf-with-dsym";
				ENABLE_NS_ASSERTIONS = NO;
				ENABLE_STRICT_OBJC_MSGSEND = YES;
				GCC_C_LANGUAGE_STANDARD = gnu11;
				GCC_NO_COMMON_BLOCKS = YES;
				GCC_WARN_64_TO_32_BIT_CONVERSION = YES;
				GCC_WARN_ABOUT_RETURN_TYPE = YES_ERROR;
				GCC_WARN_UNDECLARED_SELECTOR = YES;
				GCC_WARN_UNINITIALIZED_AUTOS = YES_AGGRESSIVE;
				GCC_WARN_UNUSED_FUNCTION = YES;
				GCC_WARN_UNUSED_VARIABLE = YES;
				IPHONEOS_DEPLOYMENT_TARGET = 16.4;
				MTL_ENABLE_DEBUG_INFO = NO;
				MTL_FAST_MATH = YES;
				SDKROOT = iphoneos;
				SWIFT_COMPILATION_MODE = wholemodule;
				SWIFT_OPTIMIZATION_LEVEL = "-O";
				VALIDATE_PRODUCT = YES;
			};
			name = Release;
		};
		6CDD83BA2A2B9DE400EA7024 /* Debug */ = {
			isa = XCBuildConfiguration;
			buildSettings = {
				ASSETCATALOG_COMPILER_APPICON_NAME = AppIcon;
				ASSETCATALOG_COMPILER_GLOBAL_ACCENT_COLOR_NAME = AccentColor;
				CODE_SIGN_STYLE = Automatic;
				CURRENT_PROJECT_VERSION = 1;
				DEVELOPMENT_TEAM = 28Z45T22J2;
				GENERATE_INFOPLIST_FILE = YES;
				INFOPLIST_FILE = BitcoinPriceMVVM/Info.plist;
				INFOPLIST_KEY_UIApplicationSupportsIndirectInputEvents = YES;
				INFOPLIST_KEY_UILaunchStoryboardName = LaunchScreen;
				INFOPLIST_KEY_UIMainStoryboardFile = Main;
				INFOPLIST_KEY_UISupportedInterfaceOrientations_iPad = "UIInterfaceOrientationPortrait UIInterfaceOrientationPortraitUpsideDown UIInterfaceOrientationLandscapeLeft UIInterfaceOrientationLandscapeRight";
				INFOPLIST_KEY_UISupportedInterfaceOrientations_iPhone = "UIInterfaceOrientationPortrait UIInterfaceOrientationLandscapeLeft UIInterfaceOrientationLandscapeRight";
				LD_RUNPATH_SEARCH_PATHS = (
					"$(inherited)",
					"@executable_path/Frameworks",
				);
				MARKETING_VERSION = 1.0;
				PRODUCT_BUNDLE_IDENTIFIER = com.rotadevsolutions.BitcoinPriceMVVM;
				PRODUCT_NAME = "$(TARGET_NAME)";
				SWIFT_EMIT_LOC_STRINGS = YES;
				SWIFT_VERSION = 5.0;
				TARGETED_DEVICE_FAMILY = "1,2";
			};
			name = Debug;
		};
		6CDD83BB2A2B9DE400EA7024 /* Release */ = {
			isa = XCBuildConfiguration;
			buildSettings = {
				ASSETCATALOG_COMPILER_APPICON_NAME = AppIcon;
				ASSETCATALOG_COMPILER_GLOBAL_ACCENT_COLOR_NAME = AccentColor;
				CODE_SIGN_STYLE = Automatic;
				CURRENT_PROJECT_VERSION = 1;
				DEVELOPMENT_TEAM = 28Z45T22J2;
				GENERATE_INFOPLIST_FILE = YES;
				INFOPLIST_FILE = BitcoinPriceMVVM/Info.plist;
				INFOPLIST_KEY_UIApplicationSupportsIndirectInputEvents = YES;
				INFOPLIST_KEY_UILaunchStoryboardName = LaunchScreen;
				INFOPLIST_KEY_UIMainStoryboardFile = Main;
				INFOPLIST_KEY_UISupportedInterfaceOrientations_iPad = "UIInterfaceOrientationPortrait UIInterfaceOrientationPortraitUpsideDown UIInterfaceOrientationLandscapeLeft UIInterfaceOrientationLandscapeRight";
				INFOPLIST_KEY_UISupportedInterfaceOrientations_iPhone = "UIInterfaceOrientationPortrait UIInterfaceOrientationLandscapeLeft UIInterfaceOrientationLandscapeRight";
				LD_RUNPATH_SEARCH_PATHS = (
					"$(inherited)",
					"@executable_path/Frameworks",
				);
				MARKETING_VERSION = 1.0;
				PRODUCT_BUNDLE_IDENTIFIER = com.rotadevsolutions.BitcoinPriceMVVM;
				PRODUCT_NAME = "$(TARGET_NAME)";
				SWIFT_EMIT_LOC_STRINGS = YES;
				SWIFT_VERSION = 5.0;
				TARGETED_DEVICE_FAMILY = "1,2";
			};
			name = Release;
		};
/* End XCBuildConfiguration section */

/* Begin XCConfigurationList section */
		6CDD83A02A2B9DE200EA7024 /* Build configuration list for PBXProject "BitcoinPriceMVVM" */ = {
			isa = XCConfigurationList;
			buildConfigurations = (
				6CDD83B72A2B9DE400EA7024 /* Debug */,
				6CDD83B82A2B9DE400EA7024 /* Release */,
			);
			defaultConfigurationIsVisible = 0;
			defaultConfigurationName = Release;
		};
		6CDD83B92A2B9DE400EA7024 /* Build configuration list for PBXNativeTarget "BitcoinPriceMVVM" */ = {
			isa = XCConfigurationList;
			buildConfigurations = (
				6CDD83BA2A2B9DE400EA7024 /* Debug */,
				6CDD83BB2A2B9DE400EA7024 /* Release */,
			);
			defaultConfigurationIsVisible = 0;
			defaultConfigurationName = Release;
		};
/* End XCConfigurationList section */
	};
	rootObject = 6CDD839D2A2B9DE200EA7024 /* Project object */;
}
